
Microsoft Visual Studio Solution File, Format Version 12.00
# Visual Studio Version 16
VisualStudioVersion = 16.0.31605.320
MinimumVisualStudioVersion = 10.0.40219.1
Project("{FAE04EC0-301F-11D3-BF4B-00C04F79EFBC}") = "InstaLike", "InstaLike\InstaLike.csproj", "{F646D850-7A5C-4C5F-AA03-76ECACB3E92C}"
EndProject
Global
	GlobalSection(SolutionConfigurationPlatforms) = preSolution
		Debug|Any CPU = Debug|Any CPU
		Release|Any CPU = Release|Any CPU
	EndGlobalSection
	GlobalSection(ProjectConfigurationPlatforms) = postSolution
		{F646D850-7A5C-4C5F-AA03-76ECACB3E92C}.Debug|Any CPU.ActiveCfg = Debug|Any CPU
		{F646D850-7A5C-4C5F-AA03-76ECACB3E92C}.Debug|Any CPU.Build.0 = Debug|Any CPU
		{F646D850-7A5C-4C5F-AA03-76ECACB3E92C}.Release|Any CPU.ActiveCfg = Release|Any CPU
		{F646D850-7A5C-4C5F-AA03-76ECACB3E92C}.Release|Any CPU.Build.0 = Release|Any CPU
	EndGlobalSection
	GlobalSection(SolutionProperties) = preSolution
		HideSolutionNode = FALSE
	EndGlobalSection
	GlobalSection(ExtensibilityGlobals) = postSolution
		SolutionGuid = {9418349F-A147-4CDB-87C9-5636329233F7}
	EndGlobalSection
EndGlobal
